
Microsoft Visual Studio Solution File, Format Version 12.00
# Visual Studio Version 17
VisualStudioVersion = 17.3.32819.101
MinimumVisualStudioVersion = 10.0.40219.1
Project("{FAE04EC0-301F-11D3-BF4B-00C04F79EFBC}") = "uppgift5.3", "uppgift5.3\uppgift5.3.csproj", "{BF2DA5EA-1EE6-49AE-8E90-A1BCF04B8EF1}"
EndProject
Global
	GlobalSection(SolutionConfigurationPlatforms) = preSolution
		Debug|Any CPU = Debug|Any CPU
		Release|Any CPU = Release|Any CPU
	EndGlobalSection
	GlobalSection(ProjectConfigurationPlatforms) = postSolution
		{BF2DA5EA-1EE6-49AE-8E90-A1BCF04B8EF1}.Debug|Any CPU.ActiveCfg = Debug|Any CPU
		{BF2DA5EA-1EE6-49AE-8E90-A1BCF04B8EF1}.Debug|Any CPU.Build.0 = Debug|Any CPU
		{BF2DA5EA-1EE6-49AE-8E90-A1BCF04B8EF1}.Release|Any CPU.ActiveCfg = Release|Any CPU
		{BF2DA5EA-1EE6-49AE-8E90-A1BCF04B8EF1}.Release|Any CPU.Build.0 = Release|Any CPU
	EndGlobalSection
	GlobalSection(SolutionProperties) = preSolution
		HideSolutionNode = FALSE
	EndGlobalSection
	GlobalSection(ExtensibilityGlobals) = postSolution
		SolutionGuid = {70ADF2AE-D7D6-4B2D-97CD-10CF1F7F2DF5}
	EndGlobalSection
EndGlobal
